
Microsoft Visual Studio Solution File, Format Version 12.00
# Visual Studio Version 16
VisualStudioVersion = 16.0.28922.388
MinimumVisualStudioVersion = 10.0.40219.1
Project("{FAE04EC0-301F-11D3-BF4B-00C04F79EFBC}") = "PerAreaVolAlex", "PerAreaVolAlex\PerAreaVolAlex.csproj", "{5AC0B54D-EB05-4AC0-A76B-03A8C3E01E40}"
EndProject
Global
	GlobalSection(SolutionConfigurationPlatforms) = preSolution
		Debug|Any CPU = Debug|Any CPU
		Release|Any CPU = Release|Any CPU
	EndGlobalSection
	GlobalSection(ProjectConfigurationPlatforms) = postSolution
		{5AC0B54D-EB05-4AC0-A76B-03A8C3E01E40}.Debug|Any CPU.ActiveCfg = Debug|Any CPU
		{5AC0B54D-EB05-4AC0-A76B-03A8C3E01E40}.Debug|Any CPU.Build.0 = Debug|Any CPU
		{5AC0B54D-EB05-4AC0-A76B-03A8C3E01E40}.Release|Any CPU.ActiveCfg = Release|Any CPU
		{5AC0B54D-EB05-4AC0-A76B-03A8C3E01E40}.Release|Any CPU.Build.0 = Release|Any CPU
	EndGlobalSection
	GlobalSection(SolutionProperties) = preSolution
		HideSolutionNode = FALSE
	EndGlobalSection
	GlobalSection(ExtensibilityGlobals) = postSolution
		SolutionGuid = {8E51BDA9-72D6-4A5C-9359-16DBB07B67C0}
	EndGlobalSection
EndGlobal
